
Microsoft Visual Studio Solution File, Format Version 12.00
# Visual Studio Version 17
VisualStudioVersion = 17.5.002.0
MinimumVisualStudioVersion = 10.0.40219.1
Project("{9A19103F-16F7-4668-BE54-9A1E7A4F7556}") = "Basics.Takrorlash-bo-limi-uchun-1-amaliy-vazifa", "Basics.Takrorlash-bo-limi-uchun-1-amaliy-vazifa.csproj", "{378E1D29-493B-4E66-8854-93CF56AC439A}"
EndProject
Global
	GlobalSection(SolutionConfigurationPlatforms) = preSolution
		Debug|Any CPU = Debug|Any CPU
		Release|Any CPU = Release|Any CPU
	EndGlobalSection
	GlobalSection(ProjectConfigurationPlatforms) = postSolution
		{378E1D29-493B-4E66-8854-93CF56AC439A}.Debug|Any CPU.ActiveCfg = Debug|Any CPU
		{378E1D29-493B-4E66-8854-93CF56AC439A}.Debug|Any CPU.Build.0 = Debug|Any CPU
		{378E1D29-493B-4E66-8854-93CF56AC439A}.Release|Any CPU.ActiveCfg = Release|Any CPU
		{378E1D29-493B-4E66-8854-93CF56AC439A}.Release|Any CPU.Build.0 = Release|Any CPU
	EndGlobalSection
	GlobalSection(SolutionProperties) = preSolution
		HideSolutionNode = FALSE
	EndGlobalSection
	GlobalSection(ExtensibilityGlobals) = postSolution
		SolutionGuid = {1D648494-2908-4243-A10A-3E1429E7A7F3}
	EndGlobalSection
EndGlobal
